
Microsoft Visual Studio Solution File, Format Version 12.00
# Visual Studio Version 17
VisualStudioVersion = 17.8.34316.72
MinimumVisualStudioVersion = 10.0.40219.1
Project("{8BC9CEB8-8B4A-11D0-8D11-00A0C91BC942}") = "retgui", "retgui\retgui.vcxproj", "{8DE94FD9-A471-4545-94CC-E43F8F962721}"
EndProject
Project("{2150E333-8FDC-42A3-9474-1A3956D46DE8}") = "Solution Items", "Solution Items", "{0D09DAF0-7E53-487E-BF4F-0B388CBEF987}"
	ProjectSection(SolutionItems) = preProject
		.clang-format = .clang-format
		.gitignore = .gitignore
	EndProjectSection
EndProject
Project("{8BC9CEB8-8B4A-11D0-8D11-00A0C91BC942}") = "testbed", "testbed\testbed.vcxproj", "{501DA839-2F28-41BB-A4C0-F181B01941EE}"
	ProjectSection(ProjectDependencies) = postProject
		{8DE94FD9-A471-4545-94CC-E43F8F962721} = {8DE94FD9-A471-4545-94CC-E43F8F962721}
	EndProjectSection
EndProject
Global
	GlobalSection(SolutionConfigurationPlatforms) = preSolution
		Debug|x64 = Debug|x64
		Release|x64 = Release|x64
	EndGlobalSection
	GlobalSection(ProjectConfigurationPlatforms) = postSolution
		{8DE94FD9-A471-4545-94CC-E43F8F962721}.Debug|x64.ActiveCfg = Debug|x64
		{8DE94FD9-A471-4545-94CC-E43F8F962721}.Debug|x64.Build.0 = Debug|x64
		{8DE94FD9-A471-4545-94CC-E43F8F962721}.Release|x64.ActiveCfg = Release|x64
		{8DE94FD9-A471-4545-94CC-E43F8F962721}.Release|x64.Build.0 = Release|x64
		{501DA839-2F28-41BB-A4C0-F181B01941EE}.Debug|x64.ActiveCfg = Debug|x64
		{501DA839-2F28-41BB-A4C0-F181B01941EE}.Debug|x64.Build.0 = Debug|x64
		{501DA839-2F28-41BB-A4C0-F181B01941EE}.Release|x64.ActiveCfg = Release|x64
		{501DA839-2F28-41BB-A4C0-F181B01941EE}.Release|x64.Build.0 = Release|x64
	EndGlobalSection
	GlobalSection(SolutionProperties) = preSolution
		HideSolutionNode = FALSE
	EndGlobalSection
	GlobalSection(ExtensibilityGlobals) = postSolution
		SolutionGuid = {9D80C388-C997-4AA3-AD64-7279F909B632}
	EndGlobalSection
EndGlobal
